
Microsoft Visual Studio Solution File, Format Version 12.00
# Visual Studio Version 17
VisualStudioVersion = 17.9.34622.214
MinimumVisualStudioVersion = 10.0.40219.1
Project("{9A19103F-16F7-4668-BE54-9A1E7A4F7556}") = "Desafio02", "Desafio02\Desafio02.csproj", "{1B598AC5-FC50-4D72-AE77-8C4857BE19FF}"
EndProject
Project("{9A19103F-16F7-4668-BE54-9A1E7A4F7556}") = "Utils", "Utils\Utils.csproj", "{C8CE4C64-544A-44F5-B6E9-0E26BD0D95AF}"
EndProject
Project("{9A19103F-16F7-4668-BE54-9A1E7A4F7556}") = "Desafio03", "Desafio03\Desafio03.csproj", "{63EB7B2B-F509-47E4-B77A-8CBCED1B6BEC}"
EndProject
Project("{9A19103F-16F7-4668-BE54-9A1E7A4F7556}") = "Desafio04", "Desafio04\Desafio04.csproj", "{6F8F4B10-2152-44B2-88DA-C7BA49FB911E}"
EndProject
Project("{9A19103F-16F7-4668-BE54-9A1E7A4F7556}") = "Desafio01", "Desafio01\Desafio01.csproj", "{AD20AEB2-904B-43EE-B02F-255163CB1991}"
EndProject
Project("{2150E333-8FDC-42A3-9474-1A3956D46DE8}") = "Testes", "Testes", "{54CFE351-A3F6-4FBE-97D0-84A170B9EC6D}"
EndProject
Project("{FAE04EC0-301F-11D3-BF4B-00C04F79EFBC}") = "Desafio02.Tests", "Desafio02.Tests\Desafio02.Tests.csproj", "{3F5436D7-CF33-4090-9064-ABD9C6B523DF}"
EndProject
Project("{FAE04EC0-301F-11D3-BF4B-00C04F79EFBC}") = "Desafio04.Tests", "Desafio04.Tests\Desafio04.Tests.csproj", "{57F1810D-8481-4B2C-A92D-1BDAFA567E36}"
EndProject
Project("{FAE04EC0-301F-11D3-BF4B-00C04F79EFBC}") = "Desafio07", "Desafio07\Desafio07.csproj", "{165A24B0-C76E-4771-9EDC-307ED4385CB9}"
EndProject
Project("{FAE04EC0-301F-11D3-BF4B-00C04F79EFBC}") = "Desafio09", "Desafio09\Desafio09.csproj", "{56BD21B1-5138-4EAA-A39F-CE5C01725A35}"
EndProject
Project("{FAE04EC0-301F-11D3-BF4B-00C04F79EFBC}") = "Desafio09.Tests", "Desafio09.Tests\Desafio09.Tests.csproj", "{DEE94D88-764F-41BF-B4CA-12D3E7A8D490}"
EndProject
Project("{FAE04EC0-301F-11D3-BF4B-00C04F79EFBC}") = "Desafio13", "Desafio13\Desafio13.csproj", "{07250FC1-49A4-44F1-8EB9-9566BBAA369C}"
EndProject
Project("{FAE04EC0-301F-11D3-BF4B-00C04F79EFBC}") = "Desafio12", "Desafio12\Desafio12.csproj", "{E94859B7-F4A5-46B5-B233-59B2D2EBA636}"
EndProject
Project("{FAE04EC0-301F-11D3-BF4B-00C04F79EFBC}") = "Desafio06", "Desafio06\Desafio06.csproj", "{03444197-04CC-4E5D-B54F-8AE6D2CA4722}"
EndProject
Global
	GlobalSection(SolutionConfigurationPlatforms) = preSolution
		Debug|Any CPU = Debug|Any CPU
		Release|Any CPU = Release|Any CPU
	EndGlobalSection
	GlobalSection(ProjectConfigurationPlatforms) = postSolution
		{1B598AC5-FC50-4D72-AE77-8C4857BE19FF}.Debug|Any CPU.ActiveCfg = Debug|Any CPU
		{1B598AC5-FC50-4D72-AE77-8C4857BE19FF}.Debug|Any CPU.Build.0 = Debug|Any CPU
		{1B598AC5-FC50-4D72-AE77-8C4857BE19FF}.Release|Any CPU.ActiveCfg = Release|Any CPU
		{1B598AC5-FC50-4D72-AE77-8C4857BE19FF}.Release|Any CPU.Build.0 = Release|Any CPU
		{C8CE4C64-544A-44F5-B6E9-0E26BD0D95AF}.Debug|Any CPU.ActiveCfg = Debug|Any CPU
		{C8CE4C64-544A-44F5-B6E9-0E26BD0D95AF}.Debug|Any CPU.Build.0 = Debug|Any CPU
		{C8CE4C64-544A-44F5-B6E9-0E26BD0D95AF}.Release|Any CPU.ActiveCfg = Release|Any CPU
		{C8CE4C64-544A-44F5-B6E9-0E26BD0D95AF}.Release|Any CPU.Build.0 = Release|Any CPU
		{63EB7B2B-F509-47E4-B77A-8CBCED1B6BEC}.Debug|Any CPU.ActiveCfg = Debug|Any CPU
		{63EB7B2B-F509-47E4-B77A-8CBCED1B6BEC}.Debug|Any CPU.Build.0 = Debug|Any CPU
		{63EB7B2B-F509-47E4-B77A-8CBCED1B6BEC}.Release|Any CPU.ActiveCfg = Release|Any CPU
		{63EB7B2B-F509-47E4-B77A-8CBCED1B6BEC}.Release|Any CPU.Build.0 = Release|Any CPU
		{6F8F4B10-2152-44B2-88DA-C7BA49FB911E}.Debug|Any CPU.ActiveCfg = Debug|Any CPU
		{6F8F4B10-2152-44B2-88DA-C7BA49FB911E}.Debug|Any CPU.Build.0 = Debug|Any CPU
		{6F8F4B10-2152-44B2-88DA-C7BA49FB911E}.Release|Any CPU.ActiveCfg = Release|Any CPU
		{6F8F4B10-2152-44B2-88DA-C7BA49FB911E}.Release|Any CPU.Build.0 = Release|Any CPU
		{AD20AEB2-904B-43EE-B02F-255163CB1991}.Debug|Any CPU.ActiveCfg = Debug|Any CPU
		{AD20AEB2-904B-43EE-B02F-255163CB1991}.Debug|Any CPU.Build.0 = Debug|Any CPU
		{AD20AEB2-904B-43EE-B02F-255163CB1991}.Release|Any CPU.ActiveCfg = Release|Any CPU
		{AD20AEB2-904B-43EE-B02F-255163CB1991}.Release|Any CPU.Build.0 = Release|Any CPU
		{3F5436D7-CF33-4090-9064-ABD9C6B523DF}.Debug|Any CPU.ActiveCfg = Debug|Any CPU
		{3F5436D7-CF33-4090-9064-ABD9C6B523DF}.Debug|Any CPU.Build.0 = Debug|Any CPU
		{3F5436D7-CF33-4090-9064-ABD9C6B523DF}.Release|Any CPU.ActiveCfg = Release|Any CPU
		{3F5436D7-CF33-4090-9064-ABD9C6B523DF}.Release|Any CPU.Build.0 = Release|Any CPU
		{57F1810D-8481-4B2C-A92D-1BDAFA567E36}.Debug|Any CPU.ActiveCfg = Debug|Any CPU
		{57F1810D-8481-4B2C-A92D-1BDAFA567E36}.Debug|Any CPU.Build.0 = Debug|Any CPU
		{57F1810D-8481-4B2C-A92D-1BDAFA567E36}.Release|Any CPU.ActiveCfg = Release|Any CPU
		{57F1810D-8481-4B2C-A92D-1BDAFA567E36}.Release|Any CPU.Build.0 = Release|Any CPU
		{165A24B0-C76E-4771-9EDC-307ED4385CB9}.Debug|Any CPU.ActiveCfg = Debug|Any CPU
		{165A24B0-C76E-4771-9EDC-307ED4385CB9}.Debug|Any CPU.Build.0 = Debug|Any CPU
		{165A24B0-C76E-4771-9EDC-307ED4385CB9}.Release|Any CPU.ActiveCfg = Release|Any CPU
		{165A24B0-C76E-4771-9EDC-307ED4385CB9}.Release|Any CPU.Build.0 = Release|Any CPU
		{56BD21B1-5138-4EAA-A39F-CE5C01725A35}.Debug|Any CPU.ActiveCfg = Debug|Any CPU
		{56BD21B1-5138-4EAA-A39F-CE5C01725A35}.Debug|Any CPU.Build.0 = Debug|Any CPU
		{56BD21B1-5138-4EAA-A39F-CE5C01725A35}.Release|Any CPU.ActiveCfg = Release|Any CPU
		{56BD21B1-5138-4EAA-A39F-CE5C01725A35}.Release|Any CPU.Build.0 = Release|Any CPU
		{DEE94D88-764F-41BF-B4CA-12D3E7A8D490}.Debug|Any CPU.ActiveCfg = Debug|Any CPU
		{DEE94D88-764F-41BF-B4CA-12D3E7A8D490}.Debug|Any CPU.Build.0 = Debug|Any CPU
		{DEE94D88-764F-41BF-B4CA-12D3E7A8D490}.Release|Any CPU.ActiveCfg = Release|Any CPU
		{DEE94D88-764F-41BF-B4CA-12D3E7A8D490}.Release|Any CPU.Build.0 = Release|Any CPU
		{07250FC1-49A4-44F1-8EB9-9566BBAA369C}.Debug|Any CPU.ActiveCfg = Debug|Any CPU
		{07250FC1-49A4-44F1-8EB9-9566BBAA369C}.Debug|Any CPU.Build.0 = Debug|Any CPU
		{07250FC1-49A4-44F1-8EB9-9566BBAA369C}.Release|Any CPU.ActiveCfg = Release|Any CPU
		{07250FC1-49A4-44F1-8EB9-9566BBAA369C}.Release|Any CPU.Build.0 = Release|Any CPU
		{E94859B7-F4A5-46B5-B233-59B2D2EBA636}.Debug|Any CPU.ActiveCfg = Debug|Any CPU
		{E94859B7-F4A5-46B5-B233-59B2D2EBA636}.Debug|Any CPU.Build.0 = Debug|Any CPU
		{E94859B7-F4A5-46B5-B233-59B2D2EBA636}.Release|Any CPU.ActiveCfg = Release|Any CPU
		{E94859B7-F4A5-46B5-B233-59B2D2EBA636}.Release|Any CPU.Build.0 = Release|Any CPU
		{03444197-04CC-4E5D-B54F-8AE6D2CA4722}.Debug|Any CPU.ActiveCfg = Debug|Any CPU
		{03444197-04CC-4E5D-B54F-8AE6D2CA4722}.Debug|Any CPU.Build.0 = Debug|Any CPU
		{03444197-04CC-4E5D-B54F-8AE6D2CA4722}.Release|Any CPU.ActiveCfg = Release|Any CPU
		{03444197-04CC-4E5D-B54F-8AE6D2CA4722}.Release|Any CPU.Build.0 = Release|Any CPU
	EndGlobalSection
	GlobalSection(SolutionProperties) = preSolution
		HideSolutionNode = FALSE
	EndGlobalSection
	GlobalSection(NestedProjects) = preSolution
		{3F5436D7-CF33-4090-9064-ABD9C6B523DF} = {54CFE351-A3F6-4FBE-97D0-84A170B9EC6D}
		{57F1810D-8481-4B2C-A92D-1BDAFA567E36} = {54CFE351-A3F6-4FBE-97D0-84A170B9EC6D}
		{DEE94D88-764F-41BF-B4CA-12D3E7A8D490} = {54CFE351-A3F6-4FBE-97D0-84A170B9EC6D}
	EndGlobalSection
	GlobalSection(ExtensibilityGlobals) = postSolution
		SolutionGuid = {1D29F3A9-096C-425D-AB32-8632D2EF2AD3}
	EndGlobalSection
EndGlobal
